
Microsoft Visual Studio Solution File, Format Version 12.00
# Visual Studio Version 17
VisualStudioVersion = 17.14.36518.9 d17.14
MinimumVisualStudioVersion = 10.0.40219.1
Project("{FAE04EC0-301F-11D3-BF4B-00C04F79EFBC}") = "GymSystem", "GymSystem.csproj", "{6BD2744E-8007-4706-A2E7-14E1CB8ED65E}"
EndProject
Global
	GlobalSection(SolutionConfigurationPlatforms) = preSolution
		Debug|Any CPU = Debug|Any CPU
		Release|Any CPU = Release|Any CPU
	EndGlobalSection
	GlobalSection(ProjectConfigurationPlatforms) = postSolution
		{6BD2744E-8007-4706-A2E7-14E1CB8ED65E}.Debug|Any CPU.ActiveCfg = Debug|Any CPU
		{6BD2744E-8007-4706-A2E7-14E1CB8ED65E}.Debug|Any CPU.Build.0 = Debug|Any CPU
		{6BD2744E-8007-4706-A2E7-14E1CB8ED65E}.Release|Any CPU.ActiveCfg = Release|Any CPU
		{6BD2744E-8007-4706-A2E7-14E1CB8ED65E}.Release|Any CPU.Build.0 = Release|Any CPU
	EndGlobalSection
	GlobalSection(SolutionProperties) = preSolution
		HideSolutionNode = FALSE
	EndGlobalSection
	GlobalSection(ExtensibilityGlobals) = postSolution
		SolutionGuid = {7FFF02FF-4093-45C7-AB23-0CB716365FD8}
	EndGlobalSection
EndGlobal
